
Microsoft Visual Studio Solution File, Format Version 12.00
Project("{2150E333-8FDC-42A3-9474-1A3956D46DE8}") = "src", "src", "{163AABAE-3B9A-4C4B-8F55-66865E54E32C}"
EndProject
Project("{2150E333-8FDC-42A3-9474-1A3956D46DE8}") = "tests", "tests", "{B56AAC1C-E6C1-4B12-B7FE-B5655CE60B66}"
EndProject
Project("{2150E333-8FDC-42A3-9474-1A3956D46DE8}") = "Admin", "Admin", "{A9E10AC0-2473-4386-A202-6C32B61F353C}"
EndProject
Project("{2150E333-8FDC-42A3-9474-1A3956D46DE8}") = "Core", "Core", "{8DD41022-C156-4DC3-9BC5-B6B3AF957832}"
EndProject
Project("{FAE04EC0-301F-11D3-BF4B-00C04F79EFBC}") = "Callio.Admin.Domain", "src\Admin\Callio.Admin.Domain\Callio.Admin.Domain.csproj", "{841EAD5F-6E48-4BA7-ADA0-57BFBD1F2112}"
EndProject
Project("{FAE04EC0-301F-11D3-BF4B-00C04F79EFBC}") = "Callio.Core.Domain", "src\Core\Callio.Core.Domain\Callio.Core.Domain.csproj", "{E78159DD-6850-4139-8E45-602802D955DF}"
EndProject
Project("{2150E333-8FDC-42A3-9474-1A3956D46DE8}") = "host", "host", "{07C05836-945A-4121-A801-6438F9AC1ED2}"
EndProject
Project("{FAE04EC0-301F-11D3-BF4B-00C04F79EFBC}") = "Callio.Admin.Tests", "tests\Admin\Callio.Admin.Tests\Callio.Admin.Tests.csproj", "{0154D373-204A-4AEE-83BC-2B04EFB73427}"
EndProject
Project("{FAE04EC0-301F-11D3-BF4B-00C04F79EFBC}") = "Callio.Host", "host\Callio.Host\Callio.Host.csproj", "{03321E3F-EEDC-4384-8B33-9A619919861B}"
EndProject
Project("{FAE04EC0-301F-11D3-BF4B-00C04F79EFBC}") = "Callio.Admin.Infrastructure", "src\Admin\Callio.Admin.Infrastructure\Callio.Admin.Infrastructure.csproj", "{31CBA4A2-3854-47C9-9AE0-D8398CE307A0}"
EndProject
Project("{FAE04EC0-301F-11D3-BF4B-00C04F79EFBC}") = "Callio.Admin.Application", "src\Admin\Callio.Admin.Application\Callio.Admin.Application.csproj", "{D21E000E-1778-4A50-9B86-3F53D4701C3C}"
EndProject
Project("{FAE04EC0-301F-11D3-BF4B-00C04F79EFBC}") = "Callio.API", "src\Callio.API\Callio.API.csproj", "{9E6F8177-A07C-4634-8C61-45E1D8AEE59F}"
EndProject
Project("{2150E333-8FDC-42A3-9474-1A3956D46DE8}") = "Solution Items", "Solution Items", "{47FE8B36-7B86-42B0-82F4-7F3C6A478E55}"
	ProjectSection(SolutionItems) = preProject
		compose.yaml = compose.yaml
	EndProjectSection
EndProject
Project("{FAE04EC0-301F-11D3-BF4B-00C04F79EFBC}") = "Callio.Admin", "src\Callio.Admin\Callio.Admin.csproj", "{F009CC93-8AE8-42B7-83D5-06B00F6AFCF3}"
EndProject
Project("{2150E333-8FDC-42A3-9474-1A3956D46DE8}") = "Portal", "Portal", "{B5926819-4E5B-455D-AB33-D579B4673473}"
EndProject
Project("{FAE04EC0-301F-11D3-BF4B-00C04F79EFBC}") = "Callio", "src\Portal\Callio\Callio\Callio.csproj", "{330A001F-B0DA-4376-80D2-E9F8714B48C8}"
EndProject
Project("{FAE04EC0-301F-11D3-BF4B-00C04F79EFBC}") = "Callio.Client", "src\Portal\Callio\Callio.Client\Callio.Client.csproj", "{35A8DF10-FFED-4B9A-AFAE-32721354AE1C}"
EndProject
Project("{FAE04EC0-301F-11D3-BF4B-00C04F79EFBC}") = "Callio.Admin.API", "src\Admin\Callio.Admin.API\Callio.Admin.API.csproj", "{E9B89847-0AEB-460B-888C-95F699AAFC55}"
EndProject
Global
	GlobalSection(SolutionConfigurationPlatforms) = preSolution
		Debug|Any CPU = Debug|Any CPU
		Release|Any CPU = Release|Any CPU
	EndGlobalSection
	GlobalSection(NestedProjects) = preSolution
		{A9E10AC0-2473-4386-A202-6C32B61F353C} = {163AABAE-3B9A-4C4B-8F55-66865E54E32C}
		{8DD41022-C156-4DC3-9BC5-B6B3AF957832} = {163AABAE-3B9A-4C4B-8F55-66865E54E32C}
		{841EAD5F-6E48-4BA7-ADA0-57BFBD1F2112} = {A9E10AC0-2473-4386-A202-6C32B61F353C}
		{E78159DD-6850-4139-8E45-602802D955DF} = {8DD41022-C156-4DC3-9BC5-B6B3AF957832}
		{0154D373-204A-4AEE-83BC-2B04EFB73427} = {B56AAC1C-E6C1-4B12-B7FE-B5655CE60B66}
		{03321E3F-EEDC-4384-8B33-9A619919861B} = {07C05836-945A-4121-A801-6438F9AC1ED2}
		{31CBA4A2-3854-47C9-9AE0-D8398CE307A0} = {A9E10AC0-2473-4386-A202-6C32B61F353C}
		{D21E000E-1778-4A50-9B86-3F53D4701C3C} = {A9E10AC0-2473-4386-A202-6C32B61F353C}
		{9E6F8177-A07C-4634-8C61-45E1D8AEE59F} = {163AABAE-3B9A-4C4B-8F55-66865E54E32C}
		{F009CC93-8AE8-42B7-83D5-06B00F6AFCF3} = {163AABAE-3B9A-4C4B-8F55-66865E54E32C}
		{B5926819-4E5B-455D-AB33-D579B4673473} = {163AABAE-3B9A-4C4B-8F55-66865E54E32C}
		{330A001F-B0DA-4376-80D2-E9F8714B48C8} = {B5926819-4E5B-455D-AB33-D579B4673473}
		{35A8DF10-FFED-4B9A-AFAE-32721354AE1C} = {B5926819-4E5B-455D-AB33-D579B4673473}
		{E9B89847-0AEB-460B-888C-95F699AAFC55} = {A9E10AC0-2473-4386-A202-6C32B61F353C}
	EndGlobalSection
	GlobalSection(ProjectConfigurationPlatforms) = postSolution
		{841EAD5F-6E48-4BA7-ADA0-57BFBD1F2112}.Debug|Any CPU.ActiveCfg = Debug|Any CPU
		{841EAD5F-6E48-4BA7-ADA0-57BFBD1F2112}.Debug|Any CPU.Build.0 = Debug|Any CPU
		{841EAD5F-6E48-4BA7-ADA0-57BFBD1F2112}.Release|Any CPU.ActiveCfg = Release|Any CPU
		{841EAD5F-6E48-4BA7-ADA0-57BFBD1F2112}.Release|Any CPU.Build.0 = Release|Any CPU
		{E78159DD-6850-4139-8E45-602802D955DF}.Debug|Any CPU.ActiveCfg = Debug|Any CPU
		{E78159DD-6850-4139-8E45-602802D955DF}.Debug|Any CPU.Build.0 = Debug|Any CPU
		{E78159DD-6850-4139-8E45-602802D955DF}.Release|Any CPU.ActiveCfg = Release|Any CPU
		{E78159DD-6850-4139-8E45-602802D955DF}.Release|Any CPU.Build.0 = Release|Any CPU
		{0154D373-204A-4AEE-83BC-2B04EFB73427}.Debug|Any CPU.ActiveCfg = Debug|Any CPU
		{0154D373-204A-4AEE-83BC-2B04EFB73427}.Debug|Any CPU.Build.0 = Debug|Any CPU
		{0154D373-204A-4AEE-83BC-2B04EFB73427}.Release|Any CPU.ActiveCfg = Release|Any CPU
		{0154D373-204A-4AEE-83BC-2B04EFB73427}.Release|Any CPU.Build.0 = Release|Any CPU
		{03321E3F-EEDC-4384-8B33-9A619919861B}.Debug|Any CPU.ActiveCfg = Debug|Any CPU
		{03321E3F-EEDC-4384-8B33-9A619919861B}.Debug|Any CPU.Build.0 = Debug|Any CPU
		{03321E3F-EEDC-4384-8B33-9A619919861B}.Release|Any CPU.ActiveCfg = Release|Any CPU
		{03321E3F-EEDC-4384-8B33-9A619919861B}.Release|Any CPU.Build.0 = Release|Any CPU
		{31CBA4A2-3854-47C9-9AE0-D8398CE307A0}.Debug|Any CPU.ActiveCfg = Debug|Any CPU
		{31CBA4A2-3854-47C9-9AE0-D8398CE307A0}.Debug|Any CPU.Build.0 = Debug|Any CPU
		{31CBA4A2-3854-47C9-9AE0-D8398CE307A0}.Release|Any CPU.ActiveCfg = Release|Any CPU
		{31CBA4A2-3854-47C9-9AE0-D8398CE307A0}.Release|Any CPU.Build.0 = Release|Any CPU
		{D21E000E-1778-4A50-9B86-3F53D4701C3C}.Debug|Any CPU.ActiveCfg = Debug|Any CPU
		{D21E000E-1778-4A50-9B86-3F53D4701C3C}.Debug|Any CPU.Build.0 = Debug|Any CPU
		{D21E000E-1778-4A50-9B86-3F53D4701C3C}.Release|Any CPU.ActiveCfg = Release|Any CPU
		{D21E000E-1778-4A50-9B86-3F53D4701C3C}.Release|Any CPU.Build.0 = Release|Any CPU
		{9E6F8177-A07C-4634-8C61-45E1D8AEE59F}.Debug|Any CPU.ActiveCfg = Debug|Any CPU
		{9E6F8177-A07C-4634-8C61-45E1D8AEE59F}.Debug|Any CPU.Build.0 = Debug|Any CPU
		{9E6F8177-A07C-4634-8C61-45E1D8AEE59F}.Release|Any CPU.ActiveCfg = Release|Any CPU
		{9E6F8177-A07C-4634-8C61-45E1D8AEE59F}.Release|Any CPU.Build.0 = Release|Any CPU
		{F009CC93-8AE8-42B7-83D5-06B00F6AFCF3}.Debug|Any CPU.ActiveCfg = Debug|Any CPU
		{F009CC93-8AE8-42B7-83D5-06B00F6AFCF3}.Debug|Any CPU.Build.0 = Debug|Any CPU
		{F009CC93-8AE8-42B7-83D5-06B00F6AFCF3}.Release|Any CPU.ActiveCfg = Release|Any CPU
		{F009CC93-8AE8-42B7-83D5-06B00F6AFCF3}.Release|Any CPU.Build.0 = Release|Any CPU
		{330A001F-B0DA-4376-80D2-E9F8714B48C8}.Debug|Any CPU.ActiveCfg = Debug|Any CPU
		{330A001F-B0DA-4376-80D2-E9F8714B48C8}.Debug|Any CPU.Build.0 = Debug|Any CPU
		{330A001F-B0DA-4376-80D2-E9F8714B48C8}.Release|Any CPU.ActiveCfg = Release|Any CPU
		{330A001F-B0DA-4376-80D2-E9F8714B48C8}.Release|Any CPU.Build.0 = Release|Any CPU
		{35A8DF10-FFED-4B9A-AFAE-32721354AE1C}.Debug|Any CPU.ActiveCfg = Debug|Any CPU
		{35A8DF10-FFED-4B9A-AFAE-32721354AE1C}.Debug|Any CPU.Build.0 = Debug|Any CPU
		{35A8DF10-FFED-4B9A-AFAE-32721354AE1C}.Release|Any CPU.ActiveCfg = Release|Any CPU
		{35A8DF10-FFED-4B9A-AFAE-32721354AE1C}.Release|Any CPU.Build.0 = Release|Any CPU
		{E9B89847-0AEB-460B-888C-95F699AAFC55}.Debug|Any CPU.ActiveCfg = Debug|Any CPU
		{E9B89847-0AEB-460B-888C-95F699AAFC55}.Debug|Any CPU.Build.0 = Debug|Any CPU
		{E9B89847-0AEB-460B-888C-95F699AAFC55}.Release|Any CPU.ActiveCfg = Release|Any CPU
		{E9B89847-0AEB-460B-888C-95F699AAFC55}.Release|Any CPU.Build.0 = Release|Any CPU
	EndGlobalSection
EndGlobal
